
Microsoft Visual Studio Solution File, Format Version 12.00
# Visual Studio Version 17
VisualStudioVersion = 17.4.33205.214
MinimumVisualStudioVersion = 10.0.40219.1
Project("{FAE04EC0-301F-11D3-BF4B-00C04F79EFBC}") = "LoggerAsync", "LoggerAsync\LoggerAsync.csproj", "{F3E7C224-8B6B-4607-AA93-EFD2B0BC63CD}"
EndProject
Global
	GlobalSection(SolutionConfigurationPlatforms) = preSolution
		Debug|Any CPU = Debug|Any CPU
		Release|Any CPU = Release|Any CPU
	EndGlobalSection
	GlobalSection(ProjectConfigurationPlatforms) = postSolution
		{F3E7C224-8B6B-4607-AA93-EFD2B0BC63CD}.Debug|Any CPU.ActiveCfg = Debug|Any CPU
		{F3E7C224-8B6B-4607-AA93-EFD2B0BC63CD}.Debug|Any CPU.Build.0 = Debug|Any CPU
		{F3E7C224-8B6B-4607-AA93-EFD2B0BC63CD}.Release|Any CPU.ActiveCfg = Release|Any CPU
		{F3E7C224-8B6B-4607-AA93-EFD2B0BC63CD}.Release|Any CPU.Build.0 = Release|Any CPU
	EndGlobalSection
	GlobalSection(SolutionProperties) = preSolution
		HideSolutionNode = FALSE
	EndGlobalSection
	GlobalSection(ExtensibilityGlobals) = postSolution
		SolutionGuid = {D011C7B9-FD47-4F51-A3D9-DFEF4A48AF9E}
	EndGlobalSection
EndGlobal
